
Microsoft Visual Studio Solution File, Format Version 12.00
# Visual Studio 15
Project("{FAE04EC0-301F-11D3-BF4B-00C04F79EFBC}") = "Assembly-CSharp", "Assembly-CSharp.csproj", "{8AA746DA-282C-4530-8B29-DF7FC58101E7}"
EndProject
Project("{FAE04EC0-301F-11D3-BF4B-00C04F79EFBC}") = "Assembly-CSharp-Editor", "Assembly-CSharp-Editor.csproj", "{30270727-CFC9-620E-B47F-E276B1EAB500}"
EndProject
Global
	GlobalSection(SolutionConfigurationPlatforms) = preSolution
		Debug|Any CPU = Debug|Any CPU
		Release|Any CPU = Release|Any CPU
	EndGlobalSection
	GlobalSection(ProjectConfigurationPlatforms) = postSolution
		{8AA746DA-282C-4530-8B29-DF7FC58101E7}.Debug|Any CPU.ActiveCfg = Debug|Any CPU
		{8AA746DA-282C-4530-8B29-DF7FC58101E7}.Debug|Any CPU.Build.0 = Debug|Any CPU
		{8AA746DA-282C-4530-8B29-DF7FC58101E7}.Release|Any CPU.ActiveCfg = Release|Any CPU
		{8AA746DA-282C-4530-8B29-DF7FC58101E7}.Release|Any CPU.Build.0 = Release|Any CPU
		{30270727-CFC9-620E-B47F-E276B1EAB500}.Debug|Any CPU.ActiveCfg = Debug|Any CPU
		{30270727-CFC9-620E-B47F-E276B1EAB500}.Debug|Any CPU.Build.0 = Debug|Any CPU
		{30270727-CFC9-620E-B47F-E276B1EAB500}.Release|Any CPU.ActiveCfg = Release|Any CPU
		{30270727-CFC9-620E-B47F-E276B1EAB500}.Release|Any CPU.Build.0 = Release|Any CPU
	EndGlobalSection
	GlobalSection(SolutionProperties) = preSolution
		HideSolutionNode = FALSE
	EndGlobalSection
EndGlobal
